
Microsoft Visual Studio Solution File, Format Version 12.00
# Visual Studio Version 17
VisualStudioVersion = 17.3.32922.545
MinimumVisualStudioVersion = 10.0.40219.1
Project("{9A19103F-16F7-4668-BE54-9A1E7A4F7556}") = "Taskling", "Taskling\Taskling.csproj", "{CBF76ACC-EB9B-42E7-A681-FA02558E08E4}"
EndProject
Project("{2150E333-8FDC-42A3-9474-1A3956D46DE8}") = "SqlServerImplementation", "SqlServerImplementation", "{8BCF138F-576D-4AE3-9DFE-34EFEEEF01C5}"
EndProject
Project("{00D1A9C2-B5F0-4AF3-8072-F6C62B433612}") = "Taskling.SqlServer.Database", "Taskling.SqlServer.Database\Taskling.SqlServer.Database.sqlproj", "{31AE36B5-DD56-4EA7-B42A-86C5B0C07CF2}"
EndProject
Project("{9A19103F-16F7-4668-BE54-9A1E7A4F7556}") = "Taskling.SqlServer.Tests", "Taskling.SqlServer.Tests\Taskling.SqlServer.Tests.csproj", "{E8DE3978-18F2-4678-A2D4-1E11B0495C9F}"
EndProject
Project("{9A19103F-16F7-4668-BE54-9A1E7A4F7556}") = "Taskling.SqlServer", "Taskling.SqlServer\Taskling.SqlServer.csproj", "{F33A066F-6EB7-40F4-9450-1F5E9FF58AAB}"
EndProject
Project("{9A19103F-16F7-4668-BE54-9A1E7A4F7556}") = "ConsoleApp1", "ConsoleApp1\ConsoleApp1.csproj", "{D23D7DC9-A43F-46F2-AE6F-65443DFFB344}"
EndProject
Project("{9A19103F-16F7-4668-BE54-9A1E7A4F7556}") = "TransactionScopeRetryHelper", "TransactionScopeRetryHelper\TransactionScopeRetryHelper.csproj", "{998FB500-A709-4D39-AE26-F408DBF01FFF}"
EndProject
Project("{9A19103F-16F7-4668-BE54-9A1E7A4F7556}") = "TransactionScopeRetryHelper.SystemDataSqlClient", "TransactionScopeRetryHelper.SystemDataSqlClient\TransactionScopeRetryHelper.SystemDataSqlClient.csproj", "{4FB874F5-C307-4932-93A2-7C2E3BF295D2}"
EndProject
Project("{9A19103F-16F7-4668-BE54-9A1E7A4F7556}") = "TransactionScopeRetryHelper.MicrosoftDataSqlClient", "TransactionScopeRetryHelper.MicrosoftDataSqlClient\TransactionScopeRetryHelper.MicrosoftDataSqlClient.csproj", "{B8FF0446-7530-429E-8838-A4034651F349}"
EndProject
Project("{9A19103F-16F7-4668-BE54-9A1E7A4F7556}") = "TransactionScopeRetryHelper.MySqlClient", "TransactionScopeRetryHelper.MySqlData\TransactionScopeRetryHelper.MySqlClient.csproj", "{A3598B83-AAD3-4FA3-976B-A34063E2BB53}"
EndProject
Project("{FAE04EC0-301F-11D3-BF4B-00C04F79EFBC}") = "TasklingTester", "..\samples\TasklingTester\TasklingTester\TasklingTester.csproj", "{159F0D17-79F1-4AC2-94A0-6614FB3E8E10}"
EndProject
Project("{9A19103F-16F7-4668-BE54-9A1E7A4F7556}") = "TasklingTesterAsync", "..\samples\TasklingTester\TasklingTesterAsync\TasklingTesterAsync.csproj", "{AB217961-540A-42E2-9C8B-BB4960CA7179}"
EndProject
Global
	GlobalSection(SolutionConfigurationPlatforms) = preSolution
		Debug|Any CPU = Debug|Any CPU
		Release|Any CPU = Release|Any CPU
	EndGlobalSection
	GlobalSection(ProjectConfigurationPlatforms) = postSolution
		{CBF76ACC-EB9B-42E7-A681-FA02558E08E4}.Debug|Any CPU.ActiveCfg = Debug|Any CPU
		{CBF76ACC-EB9B-42E7-A681-FA02558E08E4}.Debug|Any CPU.Build.0 = Debug|Any CPU
		{CBF76ACC-EB9B-42E7-A681-FA02558E08E4}.Release|Any CPU.ActiveCfg = Release|Any CPU
		{CBF76ACC-EB9B-42E7-A681-FA02558E08E4}.Release|Any CPU.Build.0 = Release|Any CPU
		{31AE36B5-DD56-4EA7-B42A-86C5B0C07CF2}.Debug|Any CPU.ActiveCfg = Debug|Any CPU
		{31AE36B5-DD56-4EA7-B42A-86C5B0C07CF2}.Debug|Any CPU.Build.0 = Debug|Any CPU
		{31AE36B5-DD56-4EA7-B42A-86C5B0C07CF2}.Debug|Any CPU.Deploy.0 = Debug|Any CPU
		{31AE36B5-DD56-4EA7-B42A-86C5B0C07CF2}.Release|Any CPU.ActiveCfg = Release|Any CPU
		{31AE36B5-DD56-4EA7-B42A-86C5B0C07CF2}.Release|Any CPU.Build.0 = Release|Any CPU
		{31AE36B5-DD56-4EA7-B42A-86C5B0C07CF2}.Release|Any CPU.Deploy.0 = Release|Any CPU
		{E8DE3978-18F2-4678-A2D4-1E11B0495C9F}.Debug|Any CPU.ActiveCfg = Debug|Any CPU
		{E8DE3978-18F2-4678-A2D4-1E11B0495C9F}.Debug|Any CPU.Build.0 = Debug|Any CPU
		{E8DE3978-18F2-4678-A2D4-1E11B0495C9F}.Release|Any CPU.ActiveCfg = Release|Any CPU
		{E8DE3978-18F2-4678-A2D4-1E11B0495C9F}.Release|Any CPU.Build.0 = Release|Any CPU
		{F33A066F-6EB7-40F4-9450-1F5E9FF58AAB}.Debug|Any CPU.ActiveCfg = Debug|Any CPU
		{F33A066F-6EB7-40F4-9450-1F5E9FF58AAB}.Debug|Any CPU.Build.0 = Debug|Any CPU
		{F33A066F-6EB7-40F4-9450-1F5E9FF58AAB}.Release|Any CPU.ActiveCfg = Release|Any CPU
		{F33A066F-6EB7-40F4-9450-1F5E9FF58AAB}.Release|Any CPU.Build.0 = Release|Any CPU
		{D23D7DC9-A43F-46F2-AE6F-65443DFFB344}.Debug|Any CPU.ActiveCfg = Debug|Any CPU
		{D23D7DC9-A43F-46F2-AE6F-65443DFFB344}.Debug|Any CPU.Build.0 = Debug|Any CPU
		{D23D7DC9-A43F-46F2-AE6F-65443DFFB344}.Release|Any CPU.ActiveCfg = Release|Any CPU
		{D23D7DC9-A43F-46F2-AE6F-65443DFFB344}.Release|Any CPU.Build.0 = Release|Any CPU
		{998FB500-A709-4D39-AE26-F408DBF01FFF}.Debug|Any CPU.ActiveCfg = Debug|Any CPU
		{998FB500-A709-4D39-AE26-F408DBF01FFF}.Debug|Any CPU.Build.0 = Debug|Any CPU
		{998FB500-A709-4D39-AE26-F408DBF01FFF}.Release|Any CPU.ActiveCfg = Release|Any CPU
		{998FB500-A709-4D39-AE26-F408DBF01FFF}.Release|Any CPU.Build.0 = Release|Any CPU
		{4FB874F5-C307-4932-93A2-7C2E3BF295D2}.Debug|Any CPU.ActiveCfg = Debug|Any CPU
		{4FB874F5-C307-4932-93A2-7C2E3BF295D2}.Debug|Any CPU.Build.0 = Debug|Any CPU
		{4FB874F5-C307-4932-93A2-7C2E3BF295D2}.Release|Any CPU.ActiveCfg = Release|Any CPU
		{4FB874F5-C307-4932-93A2-7C2E3BF295D2}.Release|Any CPU.Build.0 = Release|Any CPU
		{B8FF0446-7530-429E-8838-A4034651F349}.Debug|Any CPU.ActiveCfg = Debug|Any CPU
		{B8FF0446-7530-429E-8838-A4034651F349}.Debug|Any CPU.Build.0 = Debug|Any CPU
		{B8FF0446-7530-429E-8838-A4034651F349}.Release|Any CPU.ActiveCfg = Release|Any CPU
		{B8FF0446-7530-429E-8838-A4034651F349}.Release|Any CPU.Build.0 = Release|Any CPU
		{A3598B83-AAD3-4FA3-976B-A34063E2BB53}.Debug|Any CPU.ActiveCfg = Debug|Any CPU
		{A3598B83-AAD3-4FA3-976B-A34063E2BB53}.Debug|Any CPU.Build.0 = Debug|Any CPU
		{A3598B83-AAD3-4FA3-976B-A34063E2BB53}.Release|Any CPU.ActiveCfg = Release|Any CPU
		{A3598B83-AAD3-4FA3-976B-A34063E2BB53}.Release|Any CPU.Build.0 = Release|Any CPU
		{159F0D17-79F1-4AC2-94A0-6614FB3E8E10}.Debug|Any CPU.ActiveCfg = Debug|Any CPU
		{159F0D17-79F1-4AC2-94A0-6614FB3E8E10}.Debug|Any CPU.Build.0 = Debug|Any CPU
		{159F0D17-79F1-4AC2-94A0-6614FB3E8E10}.Release|Any CPU.ActiveCfg = Release|Any CPU
		{159F0D17-79F1-4AC2-94A0-6614FB3E8E10}.Release|Any CPU.Build.0 = Release|Any CPU
		{AB217961-540A-42E2-9C8B-BB4960CA7179}.Debug|Any CPU.ActiveCfg = Debug|Any CPU
		{AB217961-540A-42E2-9C8B-BB4960CA7179}.Debug|Any CPU.Build.0 = Debug|Any CPU
		{AB217961-540A-42E2-9C8B-BB4960CA7179}.Release|Any CPU.ActiveCfg = Release|Any CPU
		{AB217961-540A-42E2-9C8B-BB4960CA7179}.Release|Any CPU.Build.0 = Release|Any CPU
	EndGlobalSection
	GlobalSection(SolutionProperties) = preSolution
		HideSolutionNode = FALSE
	EndGlobalSection
	GlobalSection(NestedProjects) = preSolution
		{31AE36B5-DD56-4EA7-B42A-86C5B0C07CF2} = {8BCF138F-576D-4AE3-9DFE-34EFEEEF01C5}
		{E8DE3978-18F2-4678-A2D4-1E11B0495C9F} = {8BCF138F-576D-4AE3-9DFE-34EFEEEF01C5}
		{F33A066F-6EB7-40F4-9450-1F5E9FF58AAB} = {8BCF138F-576D-4AE3-9DFE-34EFEEEF01C5}
		{D23D7DC9-A43F-46F2-AE6F-65443DFFB344} = {8BCF138F-576D-4AE3-9DFE-34EFEEEF01C5}
		{998FB500-A709-4D39-AE26-F408DBF01FFF} = {8BCF138F-576D-4AE3-9DFE-34EFEEEF01C5}
		{4FB874F5-C307-4932-93A2-7C2E3BF295D2} = {8BCF138F-576D-4AE3-9DFE-34EFEEEF01C5}
		{B8FF0446-7530-429E-8838-A4034651F349} = {8BCF138F-576D-4AE3-9DFE-34EFEEEF01C5}
		{A3598B83-AAD3-4FA3-976B-A34063E2BB53} = {8BCF138F-576D-4AE3-9DFE-34EFEEEF01C5}
	EndGlobalSection
	GlobalSection(ExtensibilityGlobals) = postSolution
		SolutionGuid = {A134CCF8-B571-492A-AA0C-543DD930B94B}
	EndGlobalSection
EndGlobal
