
Microsoft Visual Studio Solution File, Format Version 12.00
# Visual Studio Version 17
VisualStudioVersion = 17.3.32922.545
MinimumVisualStudioVersion = 10.0.40219.1
Project("{9A19103F-16F7-4668-BE54-9A1E7A4F7556}") = "Taskling", "Taskling\Taskling.csproj", "{CBF76ACC-EB9B-42E7-A681-FA02558E08E4}"
EndProject
Project("{2150E333-8FDC-42A3-9474-1A3956D46DE8}") = "SqlServerImplementation", "SqlServerImplementation", "{8BCF138F-576D-4AE3-9DFE-34EFEEEF01C5}"
EndProject
Project("{9A19103F-16F7-4668-BE54-9A1E7A4F7556}") = "Taskling.EntityFrameworkCore.Tests", "Taskling.EntityFrameworkCore.Tests\Taskling.EntityFrameworkCore.Tests.csproj", "{E8DE3978-18F2-4678-A2D4-1E11B0495C9F}"
EndProject
Project("{9A19103F-16F7-4668-BE54-9A1E7A4F7556}") = "Taskling.EntityFrameworkCore", "Taskling.EntityFrameworkCore\Taskling.EntityFrameworkCore.csproj", "{F33A066F-6EB7-40F4-9450-1F5E9FF58AAB}"
EndProject
Project("{9A19103F-16F7-4668-BE54-9A1E7A4F7556}") = "TasklingTesterAsync", "..\samples\TasklingTester\TasklingTesterAsync\TasklingTesterAsync.csproj", "{AB217961-540A-42E2-9C8B-BB4960CA7179}"
EndProject
Project("{9A19103F-16F7-4668-BE54-9A1E7A4F7556}") = "TasklingTester.Common", "..\samples\TasklingTester.Common\TasklingTester.Common.csproj", "{913D5F1A-ADA3-405D-A5B0-D66191B82CB2}"
EndProject
Global
	GlobalSection(SolutionConfigurationPlatforms) = preSolution
		Debug|Any CPU = Debug|Any CPU
		Release|Any CPU = Release|Any CPU
	EndGlobalSection
	GlobalSection(ProjectConfigurationPlatforms) = postSolution
		{CBF76ACC-EB9B-42E7-A681-FA02558E08E4}.Debug|Any CPU.ActiveCfg = Debug|Any CPU
		{CBF76ACC-EB9B-42E7-A681-FA02558E08E4}.Debug|Any CPU.Build.0 = Debug|Any CPU
		{CBF76ACC-EB9B-42E7-A681-FA02558E08E4}.Release|Any CPU.ActiveCfg = Release|Any CPU
		{CBF76ACC-EB9B-42E7-A681-FA02558E08E4}.Release|Any CPU.Build.0 = Release|Any CPU
		{E8DE3978-18F2-4678-A2D4-1E11B0495C9F}.Debug|Any CPU.ActiveCfg = Debug|Any CPU
		{E8DE3978-18F2-4678-A2D4-1E11B0495C9F}.Debug|Any CPU.Build.0 = Debug|Any CPU
		{E8DE3978-18F2-4678-A2D4-1E11B0495C9F}.Release|Any CPU.ActiveCfg = Release|Any CPU
		{E8DE3978-18F2-4678-A2D4-1E11B0495C9F}.Release|Any CPU.Build.0 = Release|Any CPU
		{F33A066F-6EB7-40F4-9450-1F5E9FF58AAB}.Debug|Any CPU.ActiveCfg = Debug|Any CPU
		{F33A066F-6EB7-40F4-9450-1F5E9FF58AAB}.Debug|Any CPU.Build.0 = Debug|Any CPU
		{F33A066F-6EB7-40F4-9450-1F5E9FF58AAB}.Release|Any CPU.ActiveCfg = Release|Any CPU
		{F33A066F-6EB7-40F4-9450-1F5E9FF58AAB}.Release|Any CPU.Build.0 = Release|Any CPU
		{AB217961-540A-42E2-9C8B-BB4960CA7179}.Debug|Any CPU.ActiveCfg = Debug|Any CPU
		{AB217961-540A-42E2-9C8B-BB4960CA7179}.Debug|Any CPU.Build.0 = Debug|Any CPU
		{AB217961-540A-42E2-9C8B-BB4960CA7179}.Release|Any CPU.ActiveCfg = Release|Any CPU
		{AB217961-540A-42E2-9C8B-BB4960CA7179}.Release|Any CPU.Build.0 = Release|Any CPU
		{913D5F1A-ADA3-405D-A5B0-D66191B82CB2}.Debug|Any CPU.ActiveCfg = Debug|Any CPU
		{913D5F1A-ADA3-405D-A5B0-D66191B82CB2}.Debug|Any CPU.Build.0 = Debug|Any CPU
		{913D5F1A-ADA3-405D-A5B0-D66191B82CB2}.Release|Any CPU.ActiveCfg = Release|Any CPU
		{913D5F1A-ADA3-405D-A5B0-D66191B82CB2}.Release|Any CPU.Build.0 = Release|Any CPU
	EndGlobalSection
	GlobalSection(SolutionProperties) = preSolution
		HideSolutionNode = FALSE
	EndGlobalSection
	GlobalSection(NestedProjects) = preSolution
		{E8DE3978-18F2-4678-A2D4-1E11B0495C9F} = {8BCF138F-576D-4AE3-9DFE-34EFEEEF01C5}
		{F33A066F-6EB7-40F4-9450-1F5E9FF58AAB} = {8BCF138F-576D-4AE3-9DFE-34EFEEEF01C5}
	EndGlobalSection
	GlobalSection(ExtensibilityGlobals) = postSolution
		SolutionGuid = {A134CCF8-B571-492A-AA0C-543DD930B94B}
	EndGlobalSection
EndGlobal
